
Microsoft Visual Studio Solution File, Format Version 12.00
# Visual Studio 14
VisualStudioVersion = 14.0.25420.1
MinimumVisualStudioVersion = 10.0.40219.1
Project("{FAE04EC0-301F-11D3-BF4B-00C04F79EFBC}") = "Common", "Common\Common.csproj", "{76EB2D81-F8A4-4263-8D7B-BD72FB965926}"
EndProject
Project("{2150E333-8FDC-42A3-9474-1A3956D46DE8}") = "Samples", "Samples", "{F39AB6D3-10A4-4392-99E5-B827527D2310}"
EndProject
Project("{FAE04EC0-301F-11D3-BF4B-00C04F79EFBC}") = "Box", "Samples\Box\Box.csproj", "{F03169D5-DFF6-45C7-B67B-B9E44FF4BB43}"
EndProject
Project("{FAE04EC0-301F-11D3-BF4B-00C04F79EFBC}") = "Shapes", "Samples\Shapes\Shapes.csproj", "{68B7616F-A864-4478-BE25-7B9781102E72}"
EndProject
Project("{FAE04EC0-301F-11D3-BF4B-00C04F79EFBC}") = "LandAndWaves", "Samples\LandAndWaves\LandAndWaves.csproj", "{8F56A509-E390-4CE0-A9E7-C8E8ACE7E4CA}"
EndProject
Project("{FAE04EC0-301F-11D3-BF4B-00C04F79EFBC}") = "LitWaves", "Samples\LitWaves\LitWaves.csproj", "{2E6D6475-F3F1-4571-B424-FAD046826FAD}"
EndProject
Project("{FAE04EC0-301F-11D3-BF4B-00C04F79EFBC}") = "LitColumns", "Samples\LitColumns\LitColumns.csproj", "{563875A1-87AC-4349-BB9C-20085FD7496A}"
EndProject
Project("{FAE04EC0-301F-11D3-BF4B-00C04F79EFBC}") = "Crate", "Samples\Crate\Crate.csproj", "{F37413BB-A85B-47D2-BEB3-F5504C22CFF4}"
EndProject
Project("{FAE04EC0-301F-11D3-BF4B-00C04F79EFBC}") = "TexWaves", "Samples\TexWaves\TexWaves.csproj", "{2136E616-F0D8-4F55-BF31-D26F4100A072}"
EndProject
Project("{FAE04EC0-301F-11D3-BF4B-00C04F79EFBC}") = "TexColumns", "Samples\TexColumns\TexColumns.csproj", "{B7E332DD-A269-48C8-9A2D-DC431B71049E}"
EndProject
Project("{FAE04EC0-301F-11D3-BF4B-00C04F79EFBC}") = "Blend", "Samples\Blend\Blend.csproj", "{29819A80-A0A5-47EC-8937-593947065CCA}"
EndProject
Project("{FAE04EC0-301F-11D3-BF4B-00C04F79EFBC}") = "Stencil", "Samples\Stencil\Stencil.csproj", "{DDFE75C6-91C3-4E11-AB5E-70A2B7AB20CA}"
EndProject
Project("{FAE04EC0-301F-11D3-BF4B-00C04F79EFBC}") = "TreeBillboards", "Samples\TreeBillboards\TreeBillboards.csproj", "{DECFBF35-4E24-46C9-9116-AEF842F608C5}"
EndProject
Project("{FAE04EC0-301F-11D3-BF4B-00C04F79EFBC}") = "WavesCS", "Samples\WavesCS\WavesCS.csproj", "{E606D926-491E-43B9-A60D-FF0CFFE6E59E}"
EndProject
Project("{FAE04EC0-301F-11D3-BF4B-00C04F79EFBC}") = "VecAdd", "Samples\VecAdd\VecAdd.csproj", "{52F54CC6-5A9E-4E52-8007-BF1535AD9D31}"
EndProject
Project("{FAE04EC0-301F-11D3-BF4B-00C04F79EFBC}") = "SobelFilter", "Samples\SobelFilter\SobelFilter.csproj", "{CE1B2D38-6F3F-430F-9313-5BD4D3C10C62}"
EndProject
Project("{FAE04EC0-301F-11D3-BF4B-00C04F79EFBC}") = "Blur", "Samples\Blur\Blur.csproj", "{1E305AD7-C386-4331-9C8B-CBF765696A95}"
EndProject
Project("{FAE04EC0-301F-11D3-BF4B-00C04F79EFBC}") = "BasicTessellation", "Samples\BasicTessellation\BasicTessellation.csproj", "{A2DAB809-BC2A-4969-9BCA-89797D298E20}"
EndProject
Project("{FAE04EC0-301F-11D3-BF4B-00C04F79EFBC}") = "BezierPatch", "Samples\BezierPatch\BezierPatch.csproj", "{8CC0EF52-87B8-47F5-8331-307EECFDC464}"
EndProject
Project("{FAE04EC0-301F-11D3-BF4B-00C04F79EFBC}") = "InitDirect3D", "Samples\InitDirect3D\InitDirect3D.csproj", "{19E7FCEF-F70C-47F3-A7C9-FAF8E073CB01}"
EndProject
Project("{FAE04EC0-301F-11D3-BF4B-00C04F79EFBC}") = "CameraAndDynamicIndexing", "Samples\CameraAndDynamicIndexing\CameraAndDynamicIndexing.csproj", "{FDF80094-B8EF-4A18-8846-785D7AAC3FF7}"
EndProject
Project("{FAE04EC0-301F-11D3-BF4B-00C04F79EFBC}") = "CubeMap", "Samples\CubeMap\CubeMap.csproj", "{5D5DB9D8-A564-4D74-AF19-FB291DAE7F11}"
EndProject
Project("{FAE04EC0-301F-11D3-BF4B-00C04F79EFBC}") = "DynamicCube", "Samples\DynamicCube\DynamicCube.csproj", "{CECE954C-9008-46CB-9B75-7B04AF63E48F}"
EndProject
Project("{FAE04EC0-301F-11D3-BF4B-00C04F79EFBC}") = "NormalMap", "Samples\NormalMap\NormalMap.csproj", "{ED429735-90F7-4681-A46B-0892021BECBF}"
EndProject
Project("{FAE04EC0-301F-11D3-BF4B-00C04F79EFBC}") = "Shadows", "Samples\Shadows\Shadows.csproj", "{04BA6790-B0B7-4BDE-81C5-D08D49CA6F61}"
EndProject
Global
	GlobalSection(SolutionConfigurationPlatforms) = preSolution
		Debug|Any CPU = Debug|Any CPU
		Release|Any CPU = Release|Any CPU
	EndGlobalSection
	GlobalSection(ProjectConfigurationPlatforms) = postSolution
		{76EB2D81-F8A4-4263-8D7B-BD72FB965926}.Debug|Any CPU.ActiveCfg = Debug|Any CPU
		{76EB2D81-F8A4-4263-8D7B-BD72FB965926}.Debug|Any CPU.Build.0 = Debug|Any CPU
		{76EB2D81-F8A4-4263-8D7B-BD72FB965926}.Release|Any CPU.ActiveCfg = Release|Any CPU
		{76EB2D81-F8A4-4263-8D7B-BD72FB965926}.Release|Any CPU.Build.0 = Release|Any CPU
		{F03169D5-DFF6-45C7-B67B-B9E44FF4BB43}.Debug|Any CPU.ActiveCfg = Debug|Any CPU
		{F03169D5-DFF6-45C7-B67B-B9E44FF4BB43}.Debug|Any CPU.Build.0 = Debug|Any CPU
		{F03169D5-DFF6-45C7-B67B-B9E44FF4BB43}.Release|Any CPU.ActiveCfg = Release|Any CPU
		{F03169D5-DFF6-45C7-B67B-B9E44FF4BB43}.Release|Any CPU.Build.0 = Release|Any CPU
		{68B7616F-A864-4478-BE25-7B9781102E72}.Debug|Any CPU.ActiveCfg = Debug|Any CPU
		{68B7616F-A864-4478-BE25-7B9781102E72}.Debug|Any CPU.Build.0 = Debug|Any CPU
		{68B7616F-A864-4478-BE25-7B9781102E72}.Release|Any CPU.ActiveCfg = Release|Any CPU
		{68B7616F-A864-4478-BE25-7B9781102E72}.Release|Any CPU.Build.0 = Release|Any CPU
		{8F56A509-E390-4CE0-A9E7-C8E8ACE7E4CA}.Debug|Any CPU.ActiveCfg = Debug|Any CPU
		{8F56A509-E390-4CE0-A9E7-C8E8ACE7E4CA}.Debug|Any CPU.Build.0 = Debug|Any CPU
		{8F56A509-E390-4CE0-A9E7-C8E8ACE7E4CA}.Release|Any CPU.ActiveCfg = Release|Any CPU
		{8F56A509-E390-4CE0-A9E7-C8E8ACE7E4CA}.Release|Any CPU.Build.0 = Release|Any CPU
		{2E6D6475-F3F1-4571-B424-FAD046826FAD}.Debug|Any CPU.ActiveCfg = Debug|Any CPU
		{2E6D6475-F3F1-4571-B424-FAD046826FAD}.Debug|Any CPU.Build.0 = Debug|Any CPU
		{2E6D6475-F3F1-4571-B424-FAD046826FAD}.Release|Any CPU.ActiveCfg = Release|Any CPU
		{2E6D6475-F3F1-4571-B424-FAD046826FAD}.Release|Any CPU.Build.0 = Release|Any CPU
		{563875A1-87AC-4349-BB9C-20085FD7496A}.Debug|Any CPU.ActiveCfg = Debug|Any CPU
		{563875A1-87AC-4349-BB9C-20085FD7496A}.Debug|Any CPU.Build.0 = Debug|Any CPU
		{563875A1-87AC-4349-BB9C-20085FD7496A}.Release|Any CPU.ActiveCfg = Release|Any CPU
		{563875A1-87AC-4349-BB9C-20085FD7496A}.Release|Any CPU.Build.0 = Release|Any CPU
		{F37413BB-A85B-47D2-BEB3-F5504C22CFF4}.Debug|Any CPU.ActiveCfg = Debug|Any CPU
		{F37413BB-A85B-47D2-BEB3-F5504C22CFF4}.Debug|Any CPU.Build.0 = Debug|Any CPU
		{F37413BB-A85B-47D2-BEB3-F5504C22CFF4}.Release|Any CPU.ActiveCfg = Release|Any CPU
		{F37413BB-A85B-47D2-BEB3-F5504C22CFF4}.Release|Any CPU.Build.0 = Release|Any CPU
		{2136E616-F0D8-4F55-BF31-D26F4100A072}.Debug|Any CPU.ActiveCfg = Debug|Any CPU
		{2136E616-F0D8-4F55-BF31-D26F4100A072}.Debug|Any CPU.Build.0 = Debug|Any CPU
		{2136E616-F0D8-4F55-BF31-D26F4100A072}.Release|Any CPU.ActiveCfg = Release|Any CPU
		{2136E616-F0D8-4F55-BF31-D26F4100A072}.Release|Any CPU.Build.0 = Release|Any CPU
		{B7E332DD-A269-48C8-9A2D-DC431B71049E}.Debug|Any CPU.ActiveCfg = Debug|Any CPU
		{B7E332DD-A269-48C8-9A2D-DC431B71049E}.Debug|Any CPU.Build.0 = Debug|Any CPU
		{B7E332DD-A269-48C8-9A2D-DC431B71049E}.Release|Any CPU.ActiveCfg = Release|Any CPU
		{B7E332DD-A269-48C8-9A2D-DC431B71049E}.Release|Any CPU.Build.0 = Release|Any CPU
		{29819A80-A0A5-47EC-8937-593947065CCA}.Debug|Any CPU.ActiveCfg = Debug|Any CPU
		{29819A80-A0A5-47EC-8937-593947065CCA}.Debug|Any CPU.Build.0 = Debug|Any CPU
		{29819A80-A0A5-47EC-8937-593947065CCA}.Release|Any CPU.ActiveCfg = Release|Any CPU
		{29819A80-A0A5-47EC-8937-593947065CCA}.Release|Any CPU.Build.0 = Release|Any CPU
		{DDFE75C6-91C3-4E11-AB5E-70A2B7AB20CA}.Debug|Any CPU.ActiveCfg = Debug|Any CPU
		{DDFE75C6-91C3-4E11-AB5E-70A2B7AB20CA}.Debug|Any CPU.Build.0 = Debug|Any CPU
		{DDFE75C6-91C3-4E11-AB5E-70A2B7AB20CA}.Release|Any CPU.ActiveCfg = Release|Any CPU
		{DDFE75C6-91C3-4E11-AB5E-70A2B7AB20CA}.Release|Any CPU.Build.0 = Release|Any CPU
		{DECFBF35-4E24-46C9-9116-AEF842F608C5}.Debug|Any CPU.ActiveCfg = Debug|Any CPU
		{DECFBF35-4E24-46C9-9116-AEF842F608C5}.Debug|Any CPU.Build.0 = Debug|Any CPU
		{DECFBF35-4E24-46C9-9116-AEF842F608C5}.Release|Any CPU.ActiveCfg = Release|Any CPU
		{DECFBF35-4E24-46C9-9116-AEF842F608C5}.Release|Any CPU.Build.0 = Release|Any CPU
		{E606D926-491E-43B9-A60D-FF0CFFE6E59E}.Debug|Any CPU.ActiveCfg = Debug|Any CPU
		{E606D926-491E-43B9-A60D-FF0CFFE6E59E}.Debug|Any CPU.Build.0 = Debug|Any CPU
		{E606D926-491E-43B9-A60D-FF0CFFE6E59E}.Release|Any CPU.ActiveCfg = Release|Any CPU
		{E606D926-491E-43B9-A60D-FF0CFFE6E59E}.Release|Any CPU.Build.0 = Release|Any CPU
		{52F54CC6-5A9E-4E52-8007-BF1535AD9D31}.Debug|Any CPU.ActiveCfg = Debug|Any CPU
		{52F54CC6-5A9E-4E52-8007-BF1535AD9D31}.Debug|Any CPU.Build.0 = Debug|Any CPU
		{52F54CC6-5A9E-4E52-8007-BF1535AD9D31}.Release|Any CPU.ActiveCfg = Release|Any CPU
		{52F54CC6-5A9E-4E52-8007-BF1535AD9D31}.Release|Any CPU.Build.0 = Release|Any CPU
		{CE1B2D38-6F3F-430F-9313-5BD4D3C10C62}.Debug|Any CPU.ActiveCfg = Debug|Any CPU
		{CE1B2D38-6F3F-430F-9313-5BD4D3C10C62}.Debug|Any CPU.Build.0 = Debug|Any CPU
		{CE1B2D38-6F3F-430F-9313-5BD4D3C10C62}.Release|Any CPU.ActiveCfg = Release|Any CPU
		{CE1B2D38-6F3F-430F-9313-5BD4D3C10C62}.Release|Any CPU.Build.0 = Release|Any CPU
		{1E305AD7-C386-4331-9C8B-CBF765696A95}.Debug|Any CPU.ActiveCfg = Debug|Any CPU
		{1E305AD7-C386-4331-9C8B-CBF765696A95}.Debug|Any CPU.Build.0 = Debug|Any CPU
		{1E305AD7-C386-4331-9C8B-CBF765696A95}.Release|Any CPU.ActiveCfg = Release|Any CPU
		{1E305AD7-C386-4331-9C8B-CBF765696A95}.Release|Any CPU.Build.0 = Release|Any CPU
		{A2DAB809-BC2A-4969-9BCA-89797D298E20}.Debug|Any CPU.ActiveCfg = Debug|Any CPU
		{A2DAB809-BC2A-4969-9BCA-89797D298E20}.Debug|Any CPU.Build.0 = Debug|Any CPU
		{A2DAB809-BC2A-4969-9BCA-89797D298E20}.Release|Any CPU.ActiveCfg = Release|Any CPU
		{A2DAB809-BC2A-4969-9BCA-89797D298E20}.Release|Any CPU.Build.0 = Release|Any CPU
		{8CC0EF52-87B8-47F5-8331-307EECFDC464}.Debug|Any CPU.ActiveCfg = Debug|Any CPU
		{8CC0EF52-87B8-47F5-8331-307EECFDC464}.Debug|Any CPU.Build.0 = Debug|Any CPU
		{8CC0EF52-87B8-47F5-8331-307EECFDC464}.Release|Any CPU.ActiveCfg = Release|Any CPU
		{8CC0EF52-87B8-47F5-8331-307EECFDC464}.Release|Any CPU.Build.0 = Release|Any CPU
		{19E7FCEF-F70C-47F3-A7C9-FAF8E073CB01}.Debug|Any CPU.ActiveCfg = Debug|Any CPU
		{19E7FCEF-F70C-47F3-A7C9-FAF8E073CB01}.Debug|Any CPU.Build.0 = Debug|Any CPU
		{19E7FCEF-F70C-47F3-A7C9-FAF8E073CB01}.Release|Any CPU.ActiveCfg = Release|Any CPU
		{19E7FCEF-F70C-47F3-A7C9-FAF8E073CB01}.Release|Any CPU.Build.0 = Release|Any CPU
		{FDF80094-B8EF-4A18-8846-785D7AAC3FF7}.Debug|Any CPU.ActiveCfg = Debug|Any CPU
		{FDF80094-B8EF-4A18-8846-785D7AAC3FF7}.Debug|Any CPU.Build.0 = Debug|Any CPU
		{FDF80094-B8EF-4A18-8846-785D7AAC3FF7}.Release|Any CPU.ActiveCfg = Release|Any CPU
		{FDF80094-B8EF-4A18-8846-785D7AAC3FF7}.Release|Any CPU.Build.0 = Release|Any CPU
		{5D5DB9D8-A564-4D74-AF19-FB291DAE7F11}.Debug|Any CPU.ActiveCfg = Debug|Any CPU
		{5D5DB9D8-A564-4D74-AF19-FB291DAE7F11}.Debug|Any CPU.Build.0 = Debug|Any CPU
		{5D5DB9D8-A564-4D74-AF19-FB291DAE7F11}.Release|Any CPU.ActiveCfg = Release|Any CPU
		{5D5DB9D8-A564-4D74-AF19-FB291DAE7F11}.Release|Any CPU.Build.0 = Release|Any CPU
		{CECE954C-9008-46CB-9B75-7B04AF63E48F}.Debug|Any CPU.ActiveCfg = Debug|Any CPU
		{CECE954C-9008-46CB-9B75-7B04AF63E48F}.Debug|Any CPU.Build.0 = Debug|Any CPU
		{CECE954C-9008-46CB-9B75-7B04AF63E48F}.Release|Any CPU.ActiveCfg = Release|Any CPU
		{CECE954C-9008-46CB-9B75-7B04AF63E48F}.Release|Any CPU.Build.0 = Release|Any CPU
		{ED429735-90F7-4681-A46B-0892021BECBF}.Debug|Any CPU.ActiveCfg = Debug|Any CPU
		{ED429735-90F7-4681-A46B-0892021BECBF}.Debug|Any CPU.Build.0 = Debug|Any CPU
		{ED429735-90F7-4681-A46B-0892021BECBF}.Release|Any CPU.ActiveCfg = Release|Any CPU
		{ED429735-90F7-4681-A46B-0892021BECBF}.Release|Any CPU.Build.0 = Release|Any CPU
		{04BA6790-B0B7-4BDE-81C5-D08D49CA6F61}.Debug|Any CPU.ActiveCfg = Debug|Any CPU
		{04BA6790-B0B7-4BDE-81C5-D08D49CA6F61}.Debug|Any CPU.Build.0 = Debug|Any CPU
		{04BA6790-B0B7-4BDE-81C5-D08D49CA6F61}.Release|Any CPU.ActiveCfg = Release|Any CPU
		{04BA6790-B0B7-4BDE-81C5-D08D49CA6F61}.Release|Any CPU.Build.0 = Release|Any CPU
	EndGlobalSection
	GlobalSection(SolutionProperties) = preSolution
		HideSolutionNode = FALSE
	EndGlobalSection
	GlobalSection(NestedProjects) = preSolution
		{F03169D5-DFF6-45C7-B67B-B9E44FF4BB43} = {F39AB6D3-10A4-4392-99E5-B827527D2310}
		{68B7616F-A864-4478-BE25-7B9781102E72} = {F39AB6D3-10A4-4392-99E5-B827527D2310}
		{8F56A509-E390-4CE0-A9E7-C8E8ACE7E4CA} = {F39AB6D3-10A4-4392-99E5-B827527D2310}
		{2E6D6475-F3F1-4571-B424-FAD046826FAD} = {F39AB6D3-10A4-4392-99E5-B827527D2310}
		{563875A1-87AC-4349-BB9C-20085FD7496A} = {F39AB6D3-10A4-4392-99E5-B827527D2310}
		{F37413BB-A85B-47D2-BEB3-F5504C22CFF4} = {F39AB6D3-10A4-4392-99E5-B827527D2310}
		{2136E616-F0D8-4F55-BF31-D26F4100A072} = {F39AB6D3-10A4-4392-99E5-B827527D2310}
		{B7E332DD-A269-48C8-9A2D-DC431B71049E} = {F39AB6D3-10A4-4392-99E5-B827527D2310}
		{29819A80-A0A5-47EC-8937-593947065CCA} = {F39AB6D3-10A4-4392-99E5-B827527D2310}
		{DDFE75C6-91C3-4E11-AB5E-70A2B7AB20CA} = {F39AB6D3-10A4-4392-99E5-B827527D2310}
		{DECFBF35-4E24-46C9-9116-AEF842F608C5} = {F39AB6D3-10A4-4392-99E5-B827527D2310}
		{E606D926-491E-43B9-A60D-FF0CFFE6E59E} = {F39AB6D3-10A4-4392-99E5-B827527D2310}
		{52F54CC6-5A9E-4E52-8007-BF1535AD9D31} = {F39AB6D3-10A4-4392-99E5-B827527D2310}
		{CE1B2D38-6F3F-430F-9313-5BD4D3C10C62} = {F39AB6D3-10A4-4392-99E5-B827527D2310}
		{1E305AD7-C386-4331-9C8B-CBF765696A95} = {F39AB6D3-10A4-4392-99E5-B827527D2310}
		{A2DAB809-BC2A-4969-9BCA-89797D298E20} = {F39AB6D3-10A4-4392-99E5-B827527D2310}
		{8CC0EF52-87B8-47F5-8331-307EECFDC464} = {F39AB6D3-10A4-4392-99E5-B827527D2310}
		{19E7FCEF-F70C-47F3-A7C9-FAF8E073CB01} = {F39AB6D3-10A4-4392-99E5-B827527D2310}
		{FDF80094-B8EF-4A18-8846-785D7AAC3FF7} = {F39AB6D3-10A4-4392-99E5-B827527D2310}
		{5D5DB9D8-A564-4D74-AF19-FB291DAE7F11} = {F39AB6D3-10A4-4392-99E5-B827527D2310}
		{CECE954C-9008-46CB-9B75-7B04AF63E48F} = {F39AB6D3-10A4-4392-99E5-B827527D2310}
		{ED429735-90F7-4681-A46B-0892021BECBF} = {F39AB6D3-10A4-4392-99E5-B827527D2310}
		{04BA6790-B0B7-4BDE-81C5-D08D49CA6F61} = {F39AB6D3-10A4-4392-99E5-B827527D2310}
	EndGlobalSection
EndGlobal
